// !$*UTF8*$!
{
	archiveVersion = 1;
	classes = {
	};
	objectVersion = 55;
	objects = {

/* Begin PBXBuildFile section */
		F835417F284647D80096D290 /* DetailViewController.swift in Sources */ = {isa = PBXBuildFile; fileRef = F835417E284647D80096D290 /* DetailViewController.swift */; };
		F8354185284648E40096D290 /* DetailCommentsViewCell.swift in Sources */ = {isa = PBXBuildFile; fileRef = F8354184284648E40096D290 /* DetailCommentsViewCell.swift */; };
		F83541872846493B0096D290 /* CommentReactionsView.swift in Sources */ = {isa = PBXBuildFile; fileRef = F83541862846493B0096D290 /* CommentReactionsView.swift */; };
		F83541892846496B0096D290 /* CommentWriteView.swift in Sources */ = {isa = PBXBuildFile; fileRef = F83541882846496B0096D290 /* CommentWriteView.swift */; };
		F835418B28464AA80096D290 /* DetailContentsView.swift in Sources */ = {isa = PBXBuildFile; fileRef = F835418A28464AA80096D290 /* DetailContentsView.swift */; };
		F83C49BF2844DD4E009D2283 /* BoardTableViewController.swift in Sources */ = {isa = PBXBuildFile; fileRef = F83C49BE2844DD4E009D2283 /* BoardTableViewController.swift */; };
		F83C49C12844DD85009D2283 /* BoardTableViewCell.swift in Sources */ = {isa = PBXBuildFile; fileRef = F83C49C02844DD85009D2283 /* BoardTableViewCell.swift */; };
		F83C49C32844DDD2009D2283 /* ReactionView.swift in Sources */ = {isa = PBXBuildFile; fileRef = F83C49C22844DDD2009D2283 /* ReactionView.swift */; };
		F83C49C72844DE4E009D2283 /* NavigationTitleView.swift in Sources */ = {isa = PBXBuildFile; fileRef = F83C49C62844DE4E009D2283 /* NavigationTitleView.swift */; };
		F878F52D28431F6D003DAF39 /* LoginViewController.swift in Sources */ = {isa = PBXBuildFile; fileRef = F878F52C28431F6D003DAF39 /* LoginViewController.swift */; };
		F888279F284363EE0033BF17 /* UIColor+Extension.swift in Sources */ = {isa = PBXBuildFile; fileRef = F888279E284363EE0033BF17 /* UIColor+Extension.swift */; };
		F88827A2284364270033BF17 /* InsetTextField.swift in Sources */ = {isa = PBXBuildFile; fileRef = F88827A1284364270033BF17 /* InsetTextField.swift */; };
		F8A84DFF28421FC1006663DB /* AppDelegate.swift in Sources */ = {isa = PBXBuildFile; fileRef = F8A84DFE28421FC1006663DB /* AppDelegate.swift */; };
		F8A84E0128421FC1006663DB /* SceneDelegate.swift in Sources */ = {isa = PBXBuildFile; fileRef = F8A84E0028421FC1006663DB /* SceneDelegate.swift */; };
		F8A84E0628421FC1006663DB /* Main.storyboard in Resources */ = {isa = PBXBuildFile; fileRef = F8A84E0428421FC1006663DB /* Main.storyboard */; };
		F8A84E0828421FC2006663DB /* Assets.xcassets in Resources */ = {isa = PBXBuildFile; fileRef = F8A84E0728421FC2006663DB /* Assets.xcassets */; };
		F8A84E0B28421FC2006663DB /* LaunchScreen.storyboard in Resources */ = {isa = PBXBuildFile; fileRef = F8A84E0928421FC2006663DB /* LaunchScreen.storyboard */; };
/* End PBXBuildFile section */

/* Begin PBXFileReference section */
		F835417E284647D80096D290 /* DetailViewController.swift */ = {isa = PBXFileReference; lastKnownFileType = sourcecode.swift; path = DetailViewController.swift; sourceTree = "<group>"; };
		F8354184284648E40096D290 /* DetailCommentsViewCell.swift */ = {isa = PBXFileReference; lastKnownFileType = sourcecode.swift; path = DetailCommentsViewCell.swift; sourceTree = "<group>"; };
		F83541862846493B0096D290 /* CommentReactionsView.swift */ = {isa = PBXFileReference; lastKnownFileType = sourcecode.swift; path = CommentReactionsView.swift; sourceTree = "<group>"; };
		F83541882846496B0096D290 /* CommentWriteView.swift */ = {isa = PBXFileReference; lastKnownFileType = sourcecode.swift; path = CommentWriteView.swift; sourceTree = "<group>"; };
		F835418A28464AA80096D290 /* DetailContentsView.swift */ = {isa = PBXFileReference; lastKnownFileType = sourcecode.swift; path = DetailContentsView.swift; sourceTree = "<group>"; };
		F83C49BE2844DD4E009D2283 /* BoardTableViewController.swift */ = {isa = PBXFileReference; lastKnownFileType = sourcecode.swift; path = BoardTableViewController.swift; sourceTree = "<group>"; };
		F83C49C02844DD85009D2283 /* BoardTableViewCell.swift */ = {isa = PBXFileReference; lastKnownFileType = sourcecode.swift; path = BoardTableViewCell.swift; sourceTree = "<group>"; };
		F83C49C22844DDD2009D2283 /* ReactionView.swift */ = {isa = PBXFileReference; lastKnownFileType = sourcecode.swift; path = ReactionView.swift; sourceTree = "<group>"; };
		F83C49C62844DE4E009D2283 /* NavigationTitleView.swift */ = {isa = PBXFileReference; lastKnownFileType = sourcecode.swift; path = NavigationTitleView.swift; sourceTree = "<group>"; };
		F878F52C28431F6D003DAF39 /* LoginViewController.swift */ = {isa = PBXFileReference; lastKnownFileType = sourcecode.swift; path = LoginViewController.swift; sourceTree = "<group>"; };
		F888279E284363EE0033BF17 /* UIColor+Extension.swift */ = {isa = PBXFileReference; lastKnownFileType = sourcecode.swift; path = "UIColor+Extension.swift"; sourceTree = "<group>"; };
		F88827A1284364270033BF17 /* InsetTextField.swift */ = {isa = PBXFileReference; lastKnownFileType = sourcecode.swift; path = InsetTextField.swift; sourceTree = "<group>"; };
		F8A84DFB28421FC1006663DB /* everytimeClone.app */ = {isa = PBXFileReference; explicitFileType = wrapper.application; includeInIndex = 0; path = everytimeClone.app; sourceTree = BUILT_PRODUCTS_DIR; };
		F8A84DFE28421FC1006663DB /* AppDelegate.swift */ = {isa = PBXFileReference; lastKnownFileType = sourcecode.swift; path = AppDelegate.swift; sourceTree = "<group>"; };
		F8A84E0028421FC1006663DB /* SceneDelegate.swift */ = {isa = PBXFileReference; lastKnownFileType = sourcecode.swift; path = SceneDelegate.swift; sourceTree = "<group>"; };
		F8A84E0528421FC1006663DB /* Base */ = {isa = PBXFileReference; lastKnownFileType = file.storyboard; name = Base; path = Base.lproj/Main.storyboard; sourceTree = "<group>"; };
		F8A84E0728421FC2006663DB /* Assets.xcassets */ = {isa = PBXFileReference; lastKnownFileType = folder.assetcatalog; path = Assets.xcassets; sourceTree = "<group>"; };
		F8A84E0A28421FC2006663DB /* Base */ = {isa = PBXFileReference; lastKnownFileType = file.storyboard; name = Base; path = Base.lproj/LaunchScreen.storyboard; sourceTree = "<group>"; };
		F8A84E0C28421FC2006663DB /* Info.plist */ = {isa = PBXFileReference; lastKnownFileType = text.plist.xml; path = Info.plist; sourceTree = "<group>"; };
/* End PBXFileReference section */

/* Begin PBXFrameworksBuildPhase section */
		F8A84DF828421FC1006663DB /* Frameworks */ = {
			isa = PBXFrameworksBuildPhase;
			buildActionMask = 2147483647;
			files = (
			);
			runOnlyForDeploymentPostprocessing = 0;
		};
/* End PBXFrameworksBuildPhase section */

/* Begin PBXGroup section */
		F835417C284646990096D290 /* Board */ = {
			isa = PBXGroup;
			children = (
				F83C49BE2844DD4E009D2283 /* BoardTableViewController.swift */,
				F83C49C02844DD85009D2283 /* BoardTableViewCell.swift */,
				F83C49C22844DDD2009D2283 /* ReactionView.swift */,
				F83C49C62844DE4E009D2283 /* NavigationTitleView.swift */,
			);
			path = Board;
			sourceTree = "<group>";
		};
		F835417D284646B50096D290 /* BoardDetail */ = {
			isa = PBXGroup;
			children = (
				F835417E284647D80096D290 /* DetailViewController.swift */,
				F835418A28464AA80096D290 /* DetailContentsView.swift */,
				F8354184284648E40096D290 /* DetailCommentsViewCell.swift */,
				F83541862846493B0096D290 /* CommentReactionsView.swift */,
				F83541882846496B0096D290 /* CommentWriteView.swift */,
			);
			path = BoardDetail;
			sourceTree = "<group>";
		};
		F88827A0284364110033BF17 /* Extensions */ = {
			isa = PBXGroup;
			children = (
				F888279E284363EE0033BF17 /* UIColor+Extension.swift */,
				F88827A1284364270033BF17 /* InsetTextField.swift */,
			);
			path = Extensions;
			sourceTree = "<group>";
		};
		F88827A32843643E0033BF17 /* Views */ = {
			isa = PBXGroup;
			children = (
				F878F52C28431F6D003DAF39 /* LoginViewController.swift */,
				F835417C284646990096D290 /* Board */,
				F835417D284646B50096D290 /* BoardDetail */,
			);
			path = Views;
			sourceTree = "<group>";
		};
		F88827A42843648A0033BF17 /* StoryBoards */ = {
			isa = PBXGroup;
			children = (
				F8A84E0428421FC1006663DB /* Main.storyboard */,
				F8A84E0928421FC2006663DB /* LaunchScreen.storyboard */,
				F8A84E0728421FC2006663DB /* Assets.xcassets */,
			);
			path = StoryBoards;
			sourceTree = "<group>";
		};
		F8A84DF228421FC1006663DB = {
			isa = PBXGroup;
			children = (
				F8A84DFD28421FC1006663DB /* everytimeClone */,
				F8A84DFC28421FC1006663DB /* Products */,
			);
			sourceTree = "<group>";
		};
		F8A84DFC28421FC1006663DB /* Products */ = {
			isa = PBXGroup;
			children = (
				F8A84DFB28421FC1006663DB /* everytimeClone.app */,
			);
			name = Products;
			sourceTree = "<group>";
		};
		F8A84DFD28421FC1006663DB /* everytimeClone */ = {
			isa = PBXGroup;
			children = (
				F8EE5D3C2843653B0023F189 /* Resources */,
				F88827A42843648A0033BF17 /* StoryBoards */,
				F88827A32843643E0033BF17 /* Views */,
				F88827A0284364110033BF17 /* Extensions */,
				F8A84E0C28421FC2006663DB /* Info.plist */,
			);
			path = everytimeClone;
			sourceTree = "<group>";
		};
		F8EE5D3C2843653B0023F189 /* Resources */ = {
			isa = PBXGroup;
			children = (
				F8A84DFE28421FC1006663DB /* AppDelegate.swift */,
				F8A84E0028421FC1006663DB /* SceneDelegate.swift */,
			);
			path = Resources;
			sourceTree = "<group>";
		};
/* End PBXGroup section */

/* Begin PBXNativeTarget section */
		F8A84DFA28421FC1006663DB /* everytimeClone */ = {
			isa = PBXNativeTarget;
			buildConfigurationList = F8A84E0F28421FC2006663DB /* Build configuration list for PBXNativeTarget "everytimeClone" */;
			buildPhases = (
				F8A84DF728421FC1006663DB /* Sources */,
				F8A84DF828421FC1006663DB /* Frameworks */,
				F8A84DF928421FC1006663DB /* Resources */,
			);
			buildRules = (
			);
			dependencies = (
			);
			name = everytimeClone;
			productName = everytimeClone;
			productReference = F8A84DFB28421FC1006663DB /* everytimeClone.app */;
			productType = "com.apple.product-type.application";
		};
/* End PBXNativeTarget section */

/* Begin PBXProject section */
		F8A84DF328421FC1006663DB /* Project object */ = {
			isa = PBXProject;
			attributes = {
				BuildIndependentTargetsInParallel = 1;
				LastSwiftUpdateCheck = 1340;
				LastUpgradeCheck = 1340;
				TargetAttributes = {
					F8A84DFA28421FC1006663DB = {
						CreatedOnToolsVersion = 13.4;
					};
				};
			};
			buildConfigurationList = F8A84DF628421FC1006663DB /* Build configuration list for PBXProject "everytimeClone" */;
			compatibilityVersion = "Xcode 13.0";
			developmentRegion = en;
			hasScannedForEncodings = 0;
			knownRegions = (
				en,
				Base,
			);
			mainGroup = F8A84DF228421FC1006663DB;
			productRefGroup = F8A84DFC28421FC1006663DB /* Products */;
			projectDirPath = "";
			projectRoot = "";
			targets = (
				F8A84DFA28421FC1006663DB /* everytimeClone */,
			);
		};
/* End PBXProject section */

/* Begin PBXResourcesBuildPhase section */
		F8A84DF928421FC1006663DB /* Resources */ = {
			isa = PBXResourcesBuildPhase;
			buildActionMask = 2147483647;
			files = (
				F8A84E0B28421FC2006663DB /* LaunchScreen.storyboard in Resources */,
				F8A84E0828421FC2006663DB /* Assets.xcassets in Resources */,
				F8A84E0628421FC1006663DB /* Main.storyboard in Resources */,
			);
			runOnlyForDeploymentPostprocessing = 0;
		};
/* End PBXResourcesBuildPhase section */

/* Begin PBXSourcesBuildPhase section */
		F8A84DF728421FC1006663DB /* Sources */ = {
			isa = PBXSourcesBuildPhase;
			buildActionMask = 2147483647;
			files = (
				F83541892846496B0096D290 /* CommentWriteView.swift in Sources */,
				F878F52D28431F6D003DAF39 /* LoginViewController.swift in Sources */,
				F83C49C32844DDD2009D2283 /* ReactionView.swift in Sources */,
				F8A84DFF28421FC1006663DB /* AppDelegate.swift in Sources */,
				F8A84E0128421FC1006663DB /* SceneDelegate.swift in Sources */,
				F888279F284363EE0033BF17 /* UIColor+Extension.swift in Sources */,
				F88827A2284364270033BF17 /* InsetTextField.swift in Sources */,
				F8354185284648E40096D290 /* DetailCommentsViewCell.swift in Sources */,
				F83C49C72844DE4E009D2283 /* NavigationTitleView.swift in Sources */,
				F835418B28464AA80096D290 /* DetailContentsView.swift in Sources */,
				F835417F284647D80096D290 /* DetailViewController.swift in Sources */,
				F83C49C12844DD85009D2283 /* BoardTableViewCell.swift in Sources */,
				F83C49BF2844DD4E009D2283 /* BoardTableViewController.swift in Sources */,
				F83541872846493B0096D290 /* CommentReactionsView.swift in Sources */,
			);
			runOnlyForDeploymentPostprocessing = 0;
		};
/* End PBXSourcesBuildPhase section */

/* Begin PBXVariantGroup section */
		F8A84E0428421FC1006663DB /* Main.storyboard */ = {
			isa = PBXVariantGroup;
			children = (
				F8A84E0528421FC1006663DB /* Base */,
			);
			name = Main.storyboard;
			sourceTree = "<group>";
		};
		F8A84E0928421FC2006663DB /* LaunchScreen.storyboard */ = {
			isa = PBXVariantGroup;
			children = (
				F8A84E0A28421FC2006663DB /* Base */,
			);
			name = LaunchScreen.storyboard;
			sourceTree = "<group>";
		};
/* End PBXVariantGroup section */

/* Begin XCBuildConfiguration section */
		F8A84E0D28421FC2006663DB /* Debug */ = {
			isa = XCBuildConfiguration;
			buildSettings = {
				ALWAYS_SEARCH_USER_PATHS = NO;
				CLANG_ANALYZER_NONNULL = YES;
				CLANG_ANALYZER_NUMBER_OBJECT_CONVERSION = YES_AGGRESSIVE;
				CLANG_CXX_LANGUAGE_STANDARD = "gnu++17";
				CLANG_ENABLE_MODULES = YES;
				CLANG_ENABLE_OBJC_ARC = YES;
				CLANG_ENABLE_OBJC_WEAK = YES;
				CLANG_WARN_BLOCK_CAPTURE_AUTORELEASING = YES;
				CLANG_WARN_BOOL_CONVERSION = YES;
				CLANG_WARN_COMMA = YES;
				CLANG_WARN_CONSTANT_CONVERSION = YES;
				CLANG_WARN_DEPRECATED_OBJC_IMPLEMENTATIONS = YES;
				CLANG_WARN_DIRECT_OBJC_ISA_USAGE = YES_ERROR;
				CLANG_WARN_DOCUMENTATION_COMMENTS = YES;
				CLANG_WARN_EMPTY_BODY = YES;
				CLANG_WARN_ENUM_CONVERSION = YES;
				CLANG_WARN_INFINITE_RECURSION = YES;
				CLANG_WARN_INT_CONVERSION = YES;
				CLANG_WARN_NON_LITERAL_NULL_CONVERSION = YES;
				CLANG_WARN_OBJC_IMPLICIT_RETAIN_SELF = YES;
				CLANG_WARN_OBJC_LITERAL_CONVERSION = YES;
				CLANG_WARN_OBJC_ROOT_CLASS = YES_ERROR;
				CLANG_WARN_QUOTED_INCLUDE_IN_FRAMEWORK_HEADER = YES;
				CLANG_WARN_RANGE_LOOP_ANALYSIS = YES;
				CLANG_WARN_STRICT_PROTOTYPES = YES;
				CLANG_WARN_SUSPICIOUS_MOVE = YES;
				CLANG_WARN_UNGUARDED_AVAILABILITY = YES_AGGRESSIVE;
				CLANG_WARN_UNREACHABLE_CODE = YES;
				CLANG_WARN__DUPLICATE_METHOD_MATCH = YES;
				COPY_PHASE_STRIP = NO;
				DEBUG_INFORMATION_FORMAT = dwarf;
				ENABLE_STRICT_OBJC_MSGSEND = YES;
				ENABLE_TESTABILITY = YES;
				GCC_C_LANGUAGE_STANDARD = gnu11;
				GCC_DYNAMIC_NO_PIC = NO;
				GCC_NO_COMMON_BLOCKS = YES;
				GCC_OPTIMIZATION_LEVEL = 0;
				GCC_PREPROCESSOR_DEFINITIONS = (
					"DEBUG=1",
					"$(inherited)",
				);
				GCC_WARN_64_TO_32_BIT_CONVERSION = YES;
				GCC_WARN_ABOUT_RETURN_TYPE = YES_ERROR;
				GCC_WARN_UNDECLARED_SELECTOR = YES;
				GCC_WARN_UNINITIALIZED_AUTOS = YES_AGGRESSIVE;
				GCC_WARN_UNUSED_FUNCTION = YES;
				GCC_WARN_UNUSED_VARIABLE = YES;
				IPHONEOS_DEPLOYMENT_TARGET = 15.5;
				MTL_ENABLE_DEBUG_INFO = INCLUDE_SOURCE;
				MTL_FAST_MATH = YES;
				ONLY_ACTIVE_ARCH = YES;
				SDKROOT = iphoneos;
				SWIFT_ACTIVE_COMPILATION_CONDITIONS = DEBUG;
				SWIFT_OPTIMIZATION_LEVEL = "-Onone";
			};
			name = Debug;
		};
		F8A84E0E28421FC2006663DB /* Release */ = {
			isa = XCBuildConfiguration;
			buildSettings = {
				ALWAYS_SEARCH_USER_PATHS = NO;
				CLANG_ANALYZER_NONNULL = YES;
				CLANG_ANALYZER_NUMBER_OBJECT_CONVERSION = YES_AGGRESSIVE;
				CLANG_CXX_LANGUAGE_STANDARD = "gnu++17";
				CLANG_ENABLE_MODULES = YES;
				CLANG_ENABLE_OBJC_ARC = YES;
				CLANG_ENABLE_OBJC_WEAK = YES;
				CLANG_WARN_BLOCK_CAPTURE_AUTORELEASING = YES;
				CLANG_WARN_BOOL_CONVERSION = YES;
				CLANG_WARN_COMMA = YES;
				CLANG_WARN_CONSTANT_CONVERSION = YES;
				CLANG_WARN_DEPRECATED_OBJC_IMPLEMENTATIONS = YES;
				CLANG_WARN_DIRECT_OBJC_ISA_USAGE = YES_ERROR;
				CLANG_WARN_DOCUMENTATION_COMMENTS = YES;
				CLANG_WARN_EMPTY_BODY = YES;
				CLANG_WARN_ENUM_CONVERSION = YES;
				CLANG_WARN_INFINITE_RECURSION = YES;
				CLANG_WARN_INT_CONVERSION = YES;
				CLANG_WARN_NON_LITERAL_NULL_CONVERSION = YES;
				CLANG_WARN_OBJC_IMPLICIT_RETAIN_SELF = YES;
				CLANG_WARN_OBJC_LITERAL_CONVERSION = YES;
				CLANG_WARN_OBJC_ROOT_CLASS = YES_ERROR;
				CLANG_WARN_QUOTED_INCLUDE_IN_FRAMEWORK_HEADER = YES;
				CLANG_WARN_RANGE_LOOP_ANALYSIS = YES;
				CLANG_WARN_STRICT_PROTOTYPES = YES;
				CLANG_WARN_SUSPICIOUS_MOVE = YES;
				CLANG_WARN_UNGUARDED_AVAILABILITY = YES_AGGRESSIVE;
				CLANG_WARN_UNREACHABLE_CODE = YES;
				CLANG_WARN__DUPLICATE_METHOD_MATCH = YES;
				COPY_PHASE_STRIP = NO;
				DEBUG_INFORMATION_FORMAT = "dwarf-with-dsym";
				ENABLE_NS_ASSERTIONS = NO;
				ENABLE_STRICT_OBJC_MSGSEND = YES;
				GCC_C_LANGUAGE_STANDARD = gnu11;
				GCC_NO_COMMON_BLOCKS = YES;
				GCC_WARN_64_TO_32_BIT_CONVERSION = YES;
				GCC_WARN_ABOUT_RETURN_TYPE = YES_ERROR;
				GCC_WARN_UNDECLARED_SELECTOR = YES;
				GCC_WARN_UNINITIALIZED_AUTOS = YES_AGGRESSIVE;
				GCC_WARN_UNUSED_FUNCTION = YES;
				GCC_WARN_UNUSED_VARIABLE = YES;
				IPHONEOS_DEPLOYMENT_TARGET = 15.5;
				MTL_ENABLE_DEBUG_INFO = NO;
				MTL_FAST_MATH = YES;
				SDKROOT = iphoneos;
				SWIFT_COMPILATION_MODE = wholemodule;
				SWIFT_OPTIMIZATION_LEVEL = "-O";
				VALIDATE_PRODUCT = YES;
			};
			name = Release;
		};
		F8A84E1028421FC2006663DB /* Debug */ = {
			isa = XCBuildConfiguration;
			buildSettings = {
				ASSETCATALOG_COMPILER_APPICON_NAME = AppIcon;
				ASSETCATALOG_COMPILER_GLOBAL_ACCENT_COLOR_NAME = AccentColor;
				CODE_SIGN_STYLE = Automatic;
				CURRENT_PROJECT_VERSION = 1;
				DEVELOPMENT_TEAM = ZKL7JQF77R;
				GENERATE_INFOPLIST_FILE = YES;
				INFOPLIST_FILE = everytimeClone/Info.plist;
				INFOPLIST_KEY_UIApplicationSupportsIndirectInputEvents = YES;
				INFOPLIST_KEY_UILaunchStoryboardName = LaunchScreen;
				INFOPLIST_KEY_UIMainStoryboardFile = Main;
				INFOPLIST_KEY_UISupportedInterfaceOrientations_iPad = "UIInterfaceOrientationPortrait UIInterfaceOrientationPortraitUpsideDown UIInterfaceOrientationLandscapeLeft UIInterfaceOrientationLandscapeRight";
				INFOPLIST_KEY_UISupportedInterfaceOrientations_iPhone = "UIInterfaceOrientationPortrait UIInterfaceOrientationLandscapeLeft UIInterfaceOrientationLandscapeRight";
				LD_RUNPATH_SEARCH_PATHS = (
					"$(inherited)",
					"@executable_path/Frameworks",
				);
				MARKETING_VERSION = 1.0;
				PRODUCT_BUNDLE_IDENTIFIER = com.LrUCiA.everytimeClone;
				PRODUCT_NAME = "$(TARGET_NAME)";
				SWIFT_EMIT_LOC_STRINGS = YES;
				SWIFT_VERSION = 5.0;
				TARGETED_DEVICE_FAMILY = "1,2";
			};
			name = Debug;
		};
		F8A84E1128421FC2006663DB /* Release */ = {
			isa = XCBuildConfiguration;
			buildSettings = {
				ASSETCATALOG_COMPILER_APPICON_NAME = AppIcon;
				ASSETCATALOG_COMPILER_GLOBAL_ACCENT_COLOR_NAME = AccentColor;
				CODE_SIGN_STYLE = Automatic;
				CURRENT_PROJECT_VERSION = 1;
				DEVELOPMENT_TEAM = ZKL7JQF77R;
				GENERATE_INFOPLIST_FILE = YES;
				INFOPLIST_FILE = everytimeClone/Info.plist;
				INFOPLIST_KEY_UIApplicationSupportsIndirectInputEvents = YES;
				INFOPLIST_KEY_UILaunchStoryboardName = LaunchScreen;
				INFOPLIST_KEY_UIMainStoryboardFile = Main;
				INFOPLIST_KEY_UISupportedInterfaceOrientations_iPad = "UIInterfaceOrientationPortrait UIInterfaceOrientationPortraitUpsideDown UIInterfaceOrientationLandscapeLeft UIInterfaceOrientationLandscapeRight";
				INFOPLIST_KEY_UISupportedInterfaceOrientations_iPhone = "UIInterfaceOrientationPortrait UIInterfaceOrientationLandscapeLeft UIInterfaceOrientationLandscapeRight";
				LD_RUNPATH_SEARCH_PATHS = (
					"$(inherited)",
					"@executable_path/Frameworks",
				);
				MARKETING_VERSION = 1.0;
				PRODUCT_BUNDLE_IDENTIFIER = com.LrUCiA.everytimeClone;
				PRODUCT_NAME = "$(TARGET_NAME)";
				SWIFT_EMIT_LOC_STRINGS = YES;
				SWIFT_VERSION = 5.0;
				TARGETED_DEVICE_FAMILY = "1,2";
			};
			name = Release;
		};
/* End XCBuildConfiguration section */

/* Begin XCConfigurationList section */
		F8A84DF628421FC1006663DB /* Build configuration list for PBXProject "everytimeClone" */ = {
			isa = XCConfigurationList;
			buildConfigurations = (
				F8A84E0D28421FC2006663DB /* Debug */,
				F8A84E0E28421FC2006663DB /* Release */,
			);
			defaultConfigurationIsVisible = 0;
			defaultConfigurationName = Release;
		};
		F8A84E0F28421FC2006663DB /* Build configuration list for PBXNativeTarget "everytimeClone" */ = {
			isa = XCConfigurationList;
			buildConfigurations = (
				F8A84E1028421FC2006663DB /* Debug */,
				F8A84E1128421FC2006663DB /* Release */,
			);
			defaultConfigurationIsVisible = 0;
			defaultConfigurationName = Release;
		};
/* End XCConfigurationList section */
	};
	rootObject = F8A84DF328421FC1006663DB /* Project object */;
}
